
Microsoft Visual Studio Solution File, Format Version 12.00
# Visual Studio Version 17
VisualStudioVersion = 17.6.33815.320
MinimumVisualStudioVersion = 10.0.40219.1
Project("{2150E333-8FDC-42A3-9474-1A3956D46DE8}") = "Api", "Api", "{C0E92E80-DBC5-43FE-8E30-39E5023097A1}"
EndProject
Project("{2150E333-8FDC-42A3-9474-1A3956D46DE8}") = "Domain", "Domain", "{700C1CA3-0313-4187-A0DA-83CC5F648247}"
EndProject
Project("{2150E333-8FDC-42A3-9474-1A3956D46DE8}") = "Framework", "Framework", "{65E6330F-A5A4-40A5-85BB-8C41EDFE95C0}"
EndProject
Project("{2150E333-8FDC-42A3-9474-1A3956D46DE8}") = "Infrastructure", "Infrastructure", "{D172DFDA-67C0-4892-9141-0D2A3ECF5C2E}"
EndProject
Project("{2150E333-8FDC-42A3-9474-1A3956D46DE8}") = "Resources", "Resources", "{EAE9A763-44C4-476E-ADC9-75112E07DB99}"
EndProject
Project("{9A19103F-16F7-4668-BE54-9A1E7A4F7556}") = "Domain", "Domain\Domain.csproj", "{2A53EB47-CE78-4BDC-A6F9-85CCA30ED3C3}"
EndProject
Project("{9A19103F-16F7-4668-BE54-9A1E7A4F7556}") = "Resources", "Resources\Resources.csproj", "{06E335E5-89BD-43E8-95B6-E41C615AB8BC}"
EndProject
Project("{9A19103F-16F7-4668-BE54-9A1E7A4F7556}") = "Persistence", "Persistence\Persistence.csproj", "{A55AC569-504C-4B65-BC2C-CD7384F6DAA1}"
EndProject
Project("{9A19103F-16F7-4668-BE54-9A1E7A4F7556}") = "Application", "Application\Application.csproj", "{802B2BD9-B406-496D-BD6A-165BF6F70077}"
EndProject
Project("{9A19103F-16F7-4668-BE54-9A1E7A4F7556}") = "Taraneh", "Taraneh\Taraneh.csproj", "{357305EC-B04B-4427-9CC8-893D76F4CA29}"
EndProject
Project("{9A19103F-16F7-4668-BE54-9A1E7A4F7556}") = "Api", "Api\Api.csproj", "{B9072FFD-6140-422C-844D-68B59CF496C9}"
EndProject
Project("{9A19103F-16F7-4668-BE54-9A1E7A4F7556}") = "ViewModels", "ViewModels\ViewModels.csproj", "{5A002CFC-BC15-462D-A209-E96A25191EAF}"
EndProject
Global
	GlobalSection(SolutionConfigurationPlatforms) = preSolution
		Debug|Any CPU = Debug|Any CPU
		Release|Any CPU = Release|Any CPU
	EndGlobalSection
	GlobalSection(ProjectConfigurationPlatforms) = postSolution
		{2A53EB47-CE78-4BDC-A6F9-85CCA30ED3C3}.Debug|Any CPU.ActiveCfg = Debug|Any CPU
		{2A53EB47-CE78-4BDC-A6F9-85CCA30ED3C3}.Debug|Any CPU.Build.0 = Debug|Any CPU
		{2A53EB47-CE78-4BDC-A6F9-85CCA30ED3C3}.Release|Any CPU.ActiveCfg = Release|Any CPU
		{2A53EB47-CE78-4BDC-A6F9-85CCA30ED3C3}.Release|Any CPU.Build.0 = Release|Any CPU
		{06E335E5-89BD-43E8-95B6-E41C615AB8BC}.Debug|Any CPU.ActiveCfg = Debug|Any CPU
		{06E335E5-89BD-43E8-95B6-E41C615AB8BC}.Debug|Any CPU.Build.0 = Debug|Any CPU
		{06E335E5-89BD-43E8-95B6-E41C615AB8BC}.Release|Any CPU.ActiveCfg = Release|Any CPU
		{06E335E5-89BD-43E8-95B6-E41C615AB8BC}.Release|Any CPU.Build.0 = Release|Any CPU
		{A55AC569-504C-4B65-BC2C-CD7384F6DAA1}.Debug|Any CPU.ActiveCfg = Debug|Any CPU
		{A55AC569-504C-4B65-BC2C-CD7384F6DAA1}.Debug|Any CPU.Build.0 = Debug|Any CPU
		{A55AC569-504C-4B65-BC2C-CD7384F6DAA1}.Release|Any CPU.ActiveCfg = Release|Any CPU
		{A55AC569-504C-4B65-BC2C-CD7384F6DAA1}.Release|Any CPU.Build.0 = Release|Any CPU
		{802B2BD9-B406-496D-BD6A-165BF6F70077}.Debug|Any CPU.ActiveCfg = Debug|Any CPU
		{802B2BD9-B406-496D-BD6A-165BF6F70077}.Debug|Any CPU.Build.0 = Debug|Any CPU
		{802B2BD9-B406-496D-BD6A-165BF6F70077}.Release|Any CPU.ActiveCfg = Release|Any CPU
		{802B2BD9-B406-496D-BD6A-165BF6F70077}.Release|Any CPU.Build.0 = Release|Any CPU
		{357305EC-B04B-4427-9CC8-893D76F4CA29}.Debug|Any CPU.ActiveCfg = Debug|Any CPU
		{357305EC-B04B-4427-9CC8-893D76F4CA29}.Debug|Any CPU.Build.0 = Debug|Any CPU
		{357305EC-B04B-4427-9CC8-893D76F4CA29}.Release|Any CPU.ActiveCfg = Release|Any CPU
		{357305EC-B04B-4427-9CC8-893D76F4CA29}.Release|Any CPU.Build.0 = Release|Any CPU
		{B9072FFD-6140-422C-844D-68B59CF496C9}.Debug|Any CPU.ActiveCfg = Debug|Any CPU
		{B9072FFD-6140-422C-844D-68B59CF496C9}.Debug|Any CPU.Build.0 = Debug|Any CPU
		{B9072FFD-6140-422C-844D-68B59CF496C9}.Release|Any CPU.ActiveCfg = Release|Any CPU
		{B9072FFD-6140-422C-844D-68B59CF496C9}.Release|Any CPU.Build.0 = Release|Any CPU
		{5A002CFC-BC15-462D-A209-E96A25191EAF}.Debug|Any CPU.ActiveCfg = Debug|Any CPU
		{5A002CFC-BC15-462D-A209-E96A25191EAF}.Debug|Any CPU.Build.0 = Debug|Any CPU
		{5A002CFC-BC15-462D-A209-E96A25191EAF}.Release|Any CPU.ActiveCfg = Release|Any CPU
		{5A002CFC-BC15-462D-A209-E96A25191EAF}.Release|Any CPU.Build.0 = Release|Any CPU
	EndGlobalSection
	GlobalSection(SolutionProperties) = preSolution
		HideSolutionNode = FALSE
	EndGlobalSection
	GlobalSection(NestedProjects) = preSolution
		{2A53EB47-CE78-4BDC-A6F9-85CCA30ED3C3} = {700C1CA3-0313-4187-A0DA-83CC5F648247}
		{06E335E5-89BD-43E8-95B6-E41C615AB8BC} = {EAE9A763-44C4-476E-ADC9-75112E07DB99}
		{A55AC569-504C-4B65-BC2C-CD7384F6DAA1} = {D172DFDA-67C0-4892-9141-0D2A3ECF5C2E}
		{802B2BD9-B406-496D-BD6A-165BF6F70077} = {D172DFDA-67C0-4892-9141-0D2A3ECF5C2E}
		{357305EC-B04B-4427-9CC8-893D76F4CA29} = {65E6330F-A5A4-40A5-85BB-8C41EDFE95C0}
		{B9072FFD-6140-422C-844D-68B59CF496C9} = {C0E92E80-DBC5-43FE-8E30-39E5023097A1}
		{5A002CFC-BC15-462D-A209-E96A25191EAF} = {D172DFDA-67C0-4892-9141-0D2A3ECF5C2E}
	EndGlobalSection
	GlobalSection(ExtensibilityGlobals) = postSolution
		SolutionGuid = {B7F4F9C9-C0C1-4FBA-AD29-5653A2A4C708}
	EndGlobalSection
EndGlobal
